
Microsoft Visual Studio Solution File, Format Version 12.00
# Visual Studio Version 17
VisualStudioVersion = 17.5.33414.496
MinimumVisualStudioVersion = 10.0.40219.1
Project("{FAE04EC0-301F-11D3-BF4B-00C04F79EFBC}") = "FullStack Demo API", "FullStack Demo API\FullStack Demo API.csproj", "{75F9C517-2C5A-4386-B5E9-2919713FD491}"
EndProject
Global
	GlobalSection(SolutionConfigurationPlatforms) = preSolution
		Debug|Any CPU = Debug|Any CPU
		Release|Any CPU = Release|Any CPU
	EndGlobalSection
	GlobalSection(ProjectConfigurationPlatforms) = postSolution
		{75F9C517-2C5A-4386-B5E9-2919713FD491}.Debug|Any CPU.ActiveCfg = Debug|Any CPU
		{75F9C517-2C5A-4386-B5E9-2919713FD491}.Debug|Any CPU.Build.0 = Debug|Any CPU
		{75F9C517-2C5A-4386-B5E9-2919713FD491}.Release|Any CPU.ActiveCfg = Release|Any CPU
		{75F9C517-2C5A-4386-B5E9-2919713FD491}.Release|Any CPU.Build.0 = Release|Any CPU
	EndGlobalSection
	GlobalSection(SolutionProperties) = preSolution
		HideSolutionNode = FALSE
	EndGlobalSection
	GlobalSection(ExtensibilityGlobals) = postSolution
		SolutionGuid = {7A7B9DD8-EE91-4B06-9EBC-DAAF9F1AAB64}
	EndGlobalSection
EndGlobal
